// !$*UTF8*$!
{
	archiveVersion = 1;
	classes = {
	};
	objectVersion = 55;
	objects = {

/* Begin PBXBuildFile section */
		0F18D24328CA9F36002E07E5 /* TableViewCell.xib in Resources */ = {isa = PBXBuildFile; fileRef = 0F18D24228CA9F36002E07E5 /* TableViewCell.xib */; };
		0F18D24528CAA4AD002E07E5 /* TableViewCell.swift in Sources */ = {isa = PBXBuildFile; fileRef = 0F18D24428CAA4AD002E07E5 /* TableViewCell.swift */; };
		0F18D24828CAC16B002E07E5 /* SyainnValueSample.swift in Sources */ = {isa = PBXBuildFile; fileRef = 0F18D24728CAC16B002E07E5 /* SyainnValueSample.swift */; };
		0F199F8528D085CB006ED876 /* DetailViewController.swift in Sources */ = {isa = PBXBuildFile; fileRef = 0F199F8428D085CB006ED876 /* DetailViewController.swift */; };
		0F28004C28C846C8000845C6 /* AppDelegate.swift in Sources */ = {isa = PBXBuildFile; fileRef = 0F28004B28C846C8000845C6 /* AppDelegate.swift */; };
		0F28004E28C846C8000845C6 /* SceneDelegate.swift in Sources */ = {isa = PBXBuildFile; fileRef = 0F28004D28C846C8000845C6 /* SceneDelegate.swift */; };
		0F28005028C846C8000845C6 /* ViewController.swift in Sources */ = {isa = PBXBuildFile; fileRef = 0F28004F28C846C8000845C6 /* ViewController.swift */; };
		0F28005328C846C8000845C6 /* Main.storyboard in Resources */ = {isa = PBXBuildFile; fileRef = 0F28005128C846C8000845C6 /* Main.storyboard */; };
		0F28005528C846C9000845C6 /* Assets.xcassets in Resources */ = {isa = PBXBuildFile; fileRef = 0F28005428C846C9000845C6 /* Assets.xcassets */; };
		0F28005828C846C9000845C6 /* LaunchScreen.storyboard in Resources */ = {isa = PBXBuildFile; fileRef = 0F28005628C846C9000845C6 /* LaunchScreen.storyboard */; };
		0F378CE228CEF79000816935 /* dataList.csv in Resources */ = {isa = PBXBuildFile; fileRef = 0F378CE128CEF79000816935 /* dataList.csv */; };
		0F378CE428CF320000816935 /* SyainnValue.swift in Sources */ = {isa = PBXBuildFile; fileRef = 0F378CE328CF320000816935 /* SyainnValue.swift */; };
/* End PBXBuildFile section */

/* Begin PBXFileReference section */
		0F18D24228CA9F36002E07E5 /* TableViewCell.xib */ = {isa = PBXFileReference; lastKnownFileType = file.xib; path = TableViewCell.xib; sourceTree = "<group>"; };
		0F18D24428CAA4AD002E07E5 /* TableViewCell.swift */ = {isa = PBXFileReference; lastKnownFileType = sourcecode.swift; path = TableViewCell.swift; sourceTree = "<group>"; };
		0F18D24728CAC16B002E07E5 /* SyainnValueSample.swift */ = {isa = PBXFileReference; lastKnownFileType = sourcecode.swift; path = SyainnValueSample.swift; sourceTree = "<group>"; };
		0F199F8428D085CB006ED876 /* DetailViewController.swift */ = {isa = PBXFileReference; lastKnownFileType = sourcecode.swift; path = DetailViewController.swift; sourceTree = "<group>"; };
		0F28004828C846C8000845C6 /* Prj03.app */ = {isa = PBXFileReference; explicitFileType = wrapper.application; includeInIndex = 0; path = Prj03.app; sourceTree = BUILT_PRODUCTS_DIR; };
		0F28004B28C846C8000845C6 /* AppDelegate.swift */ = {isa = PBXFileReference; lastKnownFileType = sourcecode.swift; path = AppDelegate.swift; sourceTree = "<group>"; };
		0F28004D28C846C8000845C6 /* SceneDelegate.swift */ = {isa = PBXFileReference; lastKnownFileType = sourcecode.swift; path = SceneDelegate.swift; sourceTree = "<group>"; };
		0F28004F28C846C8000845C6 /* ViewController.swift */ = {isa = PBXFileReference; lastKnownFileType = sourcecode.swift; path = ViewController.swift; sourceTree = "<group>"; };
		0F28005228C846C8000845C6 /* Base */ = {isa = PBXFileReference; lastKnownFileType = file.storyboard; name = Base; path = Base.lproj/Main.storyboard; sourceTree = "<group>"; };
		0F28005428C846C9000845C6 /* Assets.xcassets */ = {isa = PBXFileReference; lastKnownFileType = folder.assetcatalog; path = Assets.xcassets; sourceTree = "<group>"; };
		0F28005728C846C9000845C6 /* Base */ = {isa = PBXFileReference; lastKnownFileType = file.storyboard; name = Base; path = Base.lproj/LaunchScreen.storyboard; sourceTree = "<group>"; };
		0F28005928C846C9000845C6 /* Info.plist */ = {isa = PBXFileReference; lastKnownFileType = text.plist.xml; path = Info.plist; sourceTree = "<group>"; };
		0F378CE128CEF79000816935 /* dataList.csv */ = {isa = PBXFileReference; lastKnownFileType = text; path = dataList.csv; sourceTree = "<group>"; };
		0F378CE328CF320000816935 /* SyainnValue.swift */ = {isa = PBXFileReference; lastKnownFileType = sourcecode.swift; path = SyainnValue.swift; sourceTree = "<group>"; };
/* End PBXFileReference section */

/* Begin PBXFrameworksBuildPhase section */
		0F28004528C846C8000845C6 /* Frameworks */ = {
			isa = PBXFrameworksBuildPhase;
			buildActionMask = 2147483647;
			files = (
			);
			runOnlyForDeploymentPostprocessing = 0;
		};
/* End PBXFrameworksBuildPhase section */

/* Begin PBXGroup section */
		0F18D24628CAC115002E07E5 /* DummyData */ = {
			isa = PBXGroup;
			children = (
				0F18D24728CAC16B002E07E5 /* SyainnValueSample.swift */,
			);
			path = DummyData;
			sourceTree = "<group>";
		};
		0F28003F28C846C8000845C6 = {
			isa = PBXGroup;
			children = (
				0F28004A28C846C8000845C6 /* Prj03 */,
				0F28004928C846C8000845C6 /* Products */,
			);
			sourceTree = "<group>";
		};
		0F28004928C846C8000845C6 /* Products */ = {
			isa = PBXGroup;
			children = (
				0F28004828C846C8000845C6 /* Prj03.app */,
			);
			name = Products;
			sourceTree = "<group>";
		};
		0F28004A28C846C8000845C6 /* Prj03 */ = {
			isa = PBXGroup;
			children = (
				0F18D24628CAC115002E07E5 /* DummyData */,
				0F28006228C871EC000845C6 /* CSV */,
				0F28006128C85E7B000845C6 /* List */,
				0F28006028C85E77000845C6 /* Insert */,
				0F28005F28C85E73000845C6 /* WebView */,
				0F28004B28C846C8000845C6 /* AppDelegate.swift */,
				0F28004D28C846C8000845C6 /* SceneDelegate.swift */,
				0F28005128C846C8000845C6 /* Main.storyboard */,
				0F28005428C846C9000845C6 /* Assets.xcassets */,
				0F28005628C846C9000845C6 /* LaunchScreen.storyboard */,
				0F28005928C846C9000845C6 /* Info.plist */,
			);
			path = Prj03;
			sourceTree = "<group>";
		};
		0F28005F28C85E73000845C6 /* WebView */ = {
			isa = PBXGroup;
			children = (
			);
			path = WebView;
			sourceTree = "<group>";
		};
		0F28006028C85E77000845C6 /* Insert */ = {
			isa = PBXGroup;
			children = (
			);
			path = Insert;
			sourceTree = "<group>";
		};
		0F28006128C85E7B000845C6 /* List */ = {
			isa = PBXGroup;
			children = (
				0F28004F28C846C8000845C6 /* ViewController.swift */,
				0F199F8428D085CB006ED876 /* DetailViewController.swift */,
				0FC1438C28CAF63900EFD7A1 /* Cell */,
			);
			path = List;
			sourceTree = "<group>";
		};
		0F28006228C871EC000845C6 /* CSV */ = {
			isa = PBXGroup;
			children = (
				0F378CE128CEF79000816935 /* dataList.csv */,
				0F378CE328CF320000816935 /* SyainnValue.swift */,
			);
			path = CSV;
			sourceTree = "<group>";
		};
		0FC1438C28CAF63900EFD7A1 /* Cell */ = {
			isa = PBXGroup;
			children = (
				0F18D24228CA9F36002E07E5 /* TableViewCell.xib */,
				0F18D24428CAA4AD002E07E5 /* TableViewCell.swift */,
			);
			path = Cell;
			sourceTree = "<group>";
		};
/* End PBXGroup section */

/* Begin PBXNativeTarget section */
		0F28004728C846C8000845C6 /* Prj03 */ = {
			isa = PBXNativeTarget;
			buildConfigurationList = 0F28005C28C846C9000845C6 /* Build configuration list for PBXNativeTarget "Prj03" */;
			buildPhases = (
				0F28004428C846C8000845C6 /* Sources */,
				0F28004528C846C8000845C6 /* Frameworks */,
				0F28004628C846C8000845C6 /* Resources */,
			);
			buildRules = (
			);
			dependencies = (
			);
			name = Prj03;
			productName = Prj03;
			productReference = 0F28004828C846C8000845C6 /* Prj03.app */;
			productType = "com.apple.product-type.application";
		};
/* End PBXNativeTarget section */

/* Begin PBXProject section */
		0F28004028C846C8000845C6 /* Project object */ = {
			isa = PBXProject;
			attributes = {
				BuildIndependentTargetsInParallel = 1;
				LastSwiftUpdateCheck = 1330;
				LastUpgradeCheck = 1330;
				TargetAttributes = {
					0F28004728C846C8000845C6 = {
						CreatedOnToolsVersion = 13.3;
					};
				};
			};
			buildConfigurationList = 0F28004328C846C8000845C6 /* Build configuration list for PBXProject "Prj03" */;
			compatibilityVersion = "Xcode 13.0";
			developmentRegion = en;
			hasScannedForEncodings = 0;
			knownRegions = (
				en,
				Base,
			);
			mainGroup = 0F28003F28C846C8000845C6;
			productRefGroup = 0F28004928C846C8000845C6 /* Products */;
			projectDirPath = "";
			projectRoot = "";
			targets = (
				0F28004728C846C8000845C6 /* Prj03 */,
			);
		};
/* End PBXProject section */

/* Begin PBXResourcesBuildPhase section */
		0F28004628C846C8000845C6 /* Resources */ = {
			isa = PBXResourcesBuildPhase;
			buildActionMask = 2147483647;
			files = (
				0F28005828C846C9000845C6 /* LaunchScreen.storyboard in Resources */,
				0F378CE228CEF79000816935 /* dataList.csv in Resources */,
				0F18D24328CA9F36002E07E5 /* TableViewCell.xib in Resources */,
				0F28005528C846C9000845C6 /* Assets.xcassets in Resources */,
				0F28005328C846C8000845C6 /* Main.storyboard in Resources */,
			);
			runOnlyForDeploymentPostprocessing = 0;
		};
/* End PBXResourcesBuildPhase section */

/* Begin PBXSourcesBuildPhase section */
		0F28004428C846C8000845C6 /* Sources */ = {
			isa = PBXSourcesBuildPhase;
			buildActionMask = 2147483647;
			files = (
				0F18D24828CAC16B002E07E5 /* SyainnValueSample.swift in Sources */,
				0F28005028C846C8000845C6 /* ViewController.swift in Sources */,
				0F378CE428CF320000816935 /* SyainnValue.swift in Sources */,
				0F18D24528CAA4AD002E07E5 /* TableViewCell.swift in Sources */,
				0F28004C28C846C8000845C6 /* AppDelegate.swift in Sources */,
				0F28004E28C846C8000845C6 /* SceneDelegate.swift in Sources */,
				0F199F8528D085CB006ED876 /* DetailViewController.swift in Sources */,
			);
			runOnlyForDeploymentPostprocessing = 0;
		};
/* End PBXSourcesBuildPhase section */

/* Begin PBXVariantGroup section */
		0F28005128C846C8000845C6 /* Main.storyboard */ = {
			isa = PBXVariantGroup;
			children = (
				0F28005228C846C8000845C6 /* Base */,
			);
			name = Main.storyboard;
			sourceTree = "<group>";
		};
		0F28005628C846C9000845C6 /* LaunchScreen.storyboard */ = {
			isa = PBXVariantGroup;
			children = (
				0F28005728C846C9000845C6 /* Base */,
			);
			name = LaunchScreen.storyboard;
			sourceTree = "<group>";
		};
/* End PBXVariantGroup section */

/* Begin XCBuildConfiguration section */
		0F28005A28C846C9000845C6 /* Debug */ = {
			isa = XCBuildConfiguration;
			buildSettings = {
				ALWAYS_SEARCH_USER_PATHS = NO;
				CLANG_ANALYZER_NONNULL = YES;
				CLANG_ANALYZER_NUMBER_OBJECT_CONVERSION = YES_AGGRESSIVE;
				CLANG_CXX_LANGUAGE_STANDARD = "gnu++17";
				CLANG_ENABLE_MODULES = YES;
				CLANG_ENABLE_OBJC_ARC = YES;
				CLANG_ENABLE_OBJC_WEAK = YES;
				CLANG_WARN_BLOCK_CAPTURE_AUTORELEASING = YES;
				CLANG_WARN_BOOL_CONVERSION = YES;
				CLANG_WARN_COMMA = YES;
				CLANG_WARN_CONSTANT_CONVERSION = YES;
				CLANG_WARN_DEPRECATED_OBJC_IMPLEMENTATIONS = YES;
				CLANG_WARN_DIRECT_OBJC_ISA_USAGE = YES_ERROR;
				CLANG_WARN_DOCUMENTATION_COMMENTS = YES;
				CLANG_WARN_EMPTY_BODY = YES;
				CLANG_WARN_ENUM_CONVERSION = YES;
				CLANG_WARN_INFINITE_RECURSION = YES;
				CLANG_WARN_INT_CONVERSION = YES;
				CLANG_WARN_NON_LITERAL_NULL_CONVERSION = YES;
				CLANG_WARN_OBJC_IMPLICIT_RETAIN_SELF = YES;
				CLANG_WARN_OBJC_LITERAL_CONVERSION = YES;
				CLANG_WARN_OBJC_ROOT_CLASS = YES_ERROR;
				CLANG_WARN_QUOTED_INCLUDE_IN_FRAMEWORK_HEADER = YES;
				CLANG_WARN_RANGE_LOOP_ANALYSIS = YES;
				CLANG_WARN_STRICT_PROTOTYPES = YES;
				CLANG_WARN_SUSPICIOUS_MOVE = YES;
				CLANG_WARN_UNGUARDED_AVAILABILITY = YES_AGGRESSIVE;
				CLANG_WARN_UNREACHABLE_CODE = YES;
				CLANG_WARN__DUPLICATE_METHOD_MATCH = YES;
				COPY_PHASE_STRIP = NO;
				DEBUG_INFORMATION_FORMAT = dwarf;
				ENABLE_STRICT_OBJC_MSGSEND = YES;
				ENABLE_TESTABILITY = YES;
				GCC_C_LANGUAGE_STANDARD = gnu11;
				GCC_DYNAMIC_NO_PIC = NO;
				GCC_NO_COMMON_BLOCKS = YES;
				GCC_OPTIMIZATION_LEVEL = 0;
				GCC_PREPROCESSOR_DEFINITIONS = (
					"DEBUG=1",
					"$(inherited)",
				);
				GCC_WARN_64_TO_32_BIT_CONVERSION = YES;
				GCC_WARN_ABOUT_RETURN_TYPE = YES_ERROR;
				GCC_WARN_UNDECLARED_SELECTOR = YES;
				GCC_WARN_UNINITIALIZED_AUTOS = YES_AGGRESSIVE;
				GCC_WARN_UNUSED_FUNCTION = YES;
				GCC_WARN_UNUSED_VARIABLE = YES;
				IPHONEOS_DEPLOYMENT_TARGET = 15.4;
				MTL_ENABLE_DEBUG_INFO = INCLUDE_SOURCE;
				MTL_FAST_MATH = YES;
				ONLY_ACTIVE_ARCH = YES;
				SDKROOT = iphoneos;
				SWIFT_ACTIVE_COMPILATION_CONDITIONS = DEBUG;
				SWIFT_OPTIMIZATION_LEVEL = "-Onone";
			};
			name = Debug;
		};
		0F28005B28C846C9000845C6 /* Release */ = {
			isa = XCBuildConfiguration;
			buildSettings = {
				ALWAYS_SEARCH_USER_PATHS = NO;
				CLANG_ANALYZER_NONNULL = YES;
				CLANG_ANALYZER_NUMBER_OBJECT_CONVERSION = YES_AGGRESSIVE;
				CLANG_CXX_LANGUAGE_STANDARD = "gnu++17";
				CLANG_ENABLE_MODULES = YES;
				CLANG_ENABLE_OBJC_ARC = YES;
				CLANG_ENABLE_OBJC_WEAK = YES;
				CLANG_WARN_BLOCK_CAPTURE_AUTORELEASING = YES;
				CLANG_WARN_BOOL_CONVERSION = YES;
				CLANG_WARN_COMMA = YES;
				CLANG_WARN_CONSTANT_CONVERSION = YES;
				CLANG_WARN_DEPRECATED_OBJC_IMPLEMENTATIONS = YES;
				CLANG_WARN_DIRECT_OBJC_ISA_USAGE = YES_ERROR;
				CLANG_WARN_DOCUMENTATION_COMMENTS = YES;
				CLANG_WARN_EMPTY_BODY = YES;
				CLANG_WARN_ENUM_CONVERSION = YES;
				CLANG_WARN_INFINITE_RECURSION = YES;
				CLANG_WARN_INT_CONVERSION = YES;
				CLANG_WARN_NON_LITERAL_NULL_CONVERSION = YES;
				CLANG_WARN_OBJC_IMPLICIT_RETAIN_SELF = YES;
				CLANG_WARN_OBJC_LITERAL_CONVERSION = YES;
				CLANG_WARN_OBJC_ROOT_CLASS = YES_ERROR;
				CLANG_WARN_QUOTED_INCLUDE_IN_FRAMEWORK_HEADER = YES;
				CLANG_WARN_RANGE_LOOP_ANALYSIS = YES;
				CLANG_WARN_STRICT_PROTOTYPES = YES;
				CLANG_WARN_SUSPICIOUS_MOVE = YES;
				CLANG_WARN_UNGUARDED_AVAILABILITY = YES_AGGRESSIVE;
				CLANG_WARN_UNREACHABLE_CODE = YES;
				CLANG_WARN__DUPLICATE_METHOD_MATCH = YES;
				COPY_PHASE_STRIP = NO;
				DEBUG_INFORMATION_FORMAT = "dwarf-with-dsym";
				ENABLE_NS_ASSERTIONS = NO;
				ENABLE_STRICT_OBJC_MSGSEND = YES;
				GCC_C_LANGUAGE_STANDARD = gnu11;
				GCC_NO_COMMON_BLOCKS = YES;
				GCC_WARN_64_TO_32_BIT_CONVERSION = YES;
				GCC_WARN_ABOUT_RETURN_TYPE = YES_ERROR;
				GCC_WARN_UNDECLARED_SELECTOR = YES;
				GCC_WARN_UNINITIALIZED_AUTOS = YES_AGGRESSIVE;
				GCC_WARN_UNUSED_FUNCTION = YES;
				GCC_WARN_UNUSED_VARIABLE = YES;
				IPHONEOS_DEPLOYMENT_TARGET = 15.4;
				MTL_ENABLE_DEBUG_INFO = NO;
				MTL_FAST_MATH = YES;
				SDKROOT = iphoneos;
				SWIFT_COMPILATION_MODE = wholemodule;
				SWIFT_OPTIMIZATION_LEVEL = "-O";
				VALIDATE_PRODUCT = YES;
			};
			name = Release;
		};
		0F28005D28C846C9000845C6 /* Debug */ = {
			isa = XCBuildConfiguration;
			buildSettings = {
				ASSETCATALOG_COMPILER_APPICON_NAME = AppIcon;
				ASSETCATALOG_COMPILER_GLOBAL_ACCENT_COLOR_NAME = AccentColor;
				CODE_SIGN_STYLE = Automatic;
				CURRENT_PROJECT_VERSION = 1;
				DEVELOPMENT_TEAM = QFF5MGKKUG;
				GENERATE_INFOPLIST_FILE = YES;
				INFOPLIST_FILE = Prj03/Info.plist;
				INFOPLIST_KEY_UIApplicationSupportsIndirectInputEvents = YES;
				INFOPLIST_KEY_UILaunchStoryboardName = LaunchScreen;
				INFOPLIST_KEY_UIMainStoryboardFile = Main;
				INFOPLIST_KEY_UISupportedInterfaceOrientations_iPad = "UIInterfaceOrientationPortrait UIInterfaceOrientationPortraitUpsideDown UIInterfaceOrientationLandscapeLeft UIInterfaceOrientationLandscapeRight";
				INFOPLIST_KEY_UISupportedInterfaceOrientations_iPhone = "UIInterfaceOrientationPortrait UIInterfaceOrientationLandscapeLeft UIInterfaceOrientationLandscapeRight";
				LD_RUNPATH_SEARCH_PATHS = (
					"$(inherited)",
					"@executable_path/Frameworks",
				);
				MARKETING_VERSION = 1.0;
				PRODUCT_BUNDLE_IDENTIFIER = KangBeginner.Prj03;
				PRODUCT_NAME = "$(TARGET_NAME)";
				SWIFT_EMIT_LOC_STRINGS = YES;
				SWIFT_VERSION = 5.0;
				TARGETED_DEVICE_FAMILY = "1,2";
			};
			name = Debug;
		};
		0F28005E28C846C9000845C6 /* Release */ = {
			isa = XCBuildConfiguration;
			buildSettings = {
				ASSETCATALOG_COMPILER_APPICON_NAME = AppIcon;
				ASSETCATALOG_COMPILER_GLOBAL_ACCENT_COLOR_NAME = AccentColor;
				CODE_SIGN_STYLE = Automatic;
				CURRENT_PROJECT_VERSION = 1;
				DEVELOPMENT_TEAM = QFF5MGKKUG;
				GENERATE_INFOPLIST_FILE = YES;
				INFOPLIST_FILE = Prj03/Info.plist;
				INFOPLIST_KEY_UIApplicationSupportsIndirectInputEvents = YES;
				INFOPLIST_KEY_UILaunchStoryboardName = LaunchScreen;
				INFOPLIST_KEY_UIMainStoryboardFile = Main;
				INFOPLIST_KEY_UISupportedInterfaceOrientations_iPad = "UIInterfaceOrientationPortrait UIInterfaceOrientationPortraitUpsideDown UIInterfaceOrientationLandscapeLeft UIInterfaceOrientationLandscapeRight";
				INFOPLIST_KEY_UISupportedInterfaceOrientations_iPhone = "UIInterfaceOrientationPortrait UIInterfaceOrientationLandscapeLeft UIInterfaceOrientationLandscapeRight";
				LD_RUNPATH_SEARCH_PATHS = (
					"$(inherited)",
					"@executable_path/Frameworks",
				);
				MARKETING_VERSION = 1.0;
				PRODUCT_BUNDLE_IDENTIFIER = KangBeginner.Prj03;
				PRODUCT_NAME = "$(TARGET_NAME)";
				SWIFT_EMIT_LOC_STRINGS = YES;
				SWIFT_VERSION = 5.0;
				TARGETED_DEVICE_FAMILY = "1,2";
			};
			name = Release;
		};
/* End XCBuildConfiguration section */

/* Begin XCConfigurationList section */
		0F28004328C846C8000845C6 /* Build configuration list for PBXProject "Prj03" */ = {
			isa = XCConfigurationList;
			buildConfigurations = (
				0F28005A28C846C9000845C6 /* Debug */,
				0F28005B28C846C9000845C6 /* Release */,
			);
			defaultConfigurationIsVisible = 0;
			defaultConfigurationName = Release;
		};
		0F28005C28C846C9000845C6 /* Build configuration list for PBXNativeTarget "Prj03" */ = {
			isa = XCConfigurationList;
			buildConfigurations = (
				0F28005D28C846C9000845C6 /* Debug */,
				0F28005E28C846C9000845C6 /* Release */,
			);
			defaultConfigurationIsVisible = 0;
			defaultConfigurationName = Release;
		};
/* End XCConfigurationList section */
	};
	rootObject = 0F28004028C846C8000845C6 /* Project object */;
}
